
Microsoft Visual Studio Solution File, Format Version 12.00
# Visual Studio Version 16
VisualStudioVersion = 16.0.29728.190
MinimumVisualStudioVersion = 10.0.40219.1
Project("{FAE04EC0-301F-11D3-BF4B-00C04F79EFBC}") = "LSSD.EnvironmentMonitor.Lib", "LSSD.EnvironmentMonitor.Lib\LSSD.EnvironmentMonitor.Lib.csproj", "{4F2495C6-42EB-49EB-B85F-C3D1A9949066}"
EndProject
Project("{FAE04EC0-301F-11D3-BF4B-00C04F79EFBC}") = "LSSD.EnvironmentMonitor.Collector", "LSSD.EnvironmentMonitor.Collector\LSSD.EnvironmentMonitor.Collector.csproj", "{24987017-FCE1-41FD-B497-96245CCC66E2}"
EndProject
Global
	GlobalSection(SolutionConfigurationPlatforms) = preSolution
		Debug|Any CPU = Debug|Any CPU
		Release|Any CPU = Release|Any CPU
	EndGlobalSection
	GlobalSection(ProjectConfigurationPlatforms) = postSolution
		{4F2495C6-42EB-49EB-B85F-C3D1A9949066}.Debug|Any CPU.ActiveCfg = Debug|Any CPU
		{4F2495C6-42EB-49EB-B85F-C3D1A9949066}.Debug|Any CPU.Build.0 = Debug|Any CPU
		{4F2495C6-42EB-49EB-B85F-C3D1A9949066}.Release|Any CPU.ActiveCfg = Release|Any CPU
		{4F2495C6-42EB-49EB-B85F-C3D1A9949066}.Release|Any CPU.Build.0 = Release|Any CPU
		{24987017-FCE1-41FD-B497-96245CCC66E2}.Debug|Any CPU.ActiveCfg = Debug|Any CPU
		{24987017-FCE1-41FD-B497-96245CCC66E2}.Debug|Any CPU.Build.0 = Debug|Any CPU
		{24987017-FCE1-41FD-B497-96245CCC66E2}.Release|Any CPU.ActiveCfg = Release|Any CPU
		{24987017-FCE1-41FD-B497-96245CCC66E2}.Release|Any CPU.Build.0 = Release|Any CPU
	EndGlobalSection
	GlobalSection(SolutionProperties) = preSolution
		HideSolutionNode = FALSE
	EndGlobalSection
	GlobalSection(ExtensibilityGlobals) = postSolution
		SolutionGuid = {477B173D-E4DE-4BB0-8CFD-CFDE38420348}
	EndGlobalSection
EndGlobal
